
Microsoft Visual Studio Solution File, Format Version 12.00
# Visual Studio Version 16
VisualStudioVersion = 16.0.28917.181
MinimumVisualStudioVersion = 10.0.40219.1
Project("{FAE04EC0-301F-11D3-BF4B-00C04F79EFBC}") = "ManageDB", "ManageDB\ManageDB.csproj", "{ADD0C9EF-6F7D-448F-B7F0-70D42758C6C0}"
EndProject
Global
	GlobalSection(SolutionConfigurationPlatforms) = preSolution
		Debug|Any CPU = Debug|Any CPU
		Release|Any CPU = Release|Any CPU
	EndGlobalSection
	GlobalSection(ProjectConfigurationPlatforms) = postSolution
		{ADD0C9EF-6F7D-448F-B7F0-70D42758C6C0}.Debug|Any CPU.ActiveCfg = Debug|Any CPU
		{ADD0C9EF-6F7D-448F-B7F0-70D42758C6C0}.Debug|Any CPU.Build.0 = Debug|Any CPU
		{ADD0C9EF-6F7D-448F-B7F0-70D42758C6C0}.Release|Any CPU.ActiveCfg = Release|Any CPU
		{ADD0C9EF-6F7D-448F-B7F0-70D42758C6C0}.Release|Any CPU.Build.0 = Release|Any CPU
	EndGlobalSection
	GlobalSection(SolutionProperties) = preSolution
		HideSolutionNode = FALSE
	EndGlobalSection
	GlobalSection(ExtensibilityGlobals) = postSolution
		SolutionGuid = {986A6CE1-977B-467B-A07D-97B361AC8322}
	EndGlobalSection
EndGlobal
